
Microsoft Visual Studio Solution File, Format Version 12.00
# Visual Studio 15
VisualStudioVersion = 15.0.28307.572
MinimumVisualStudioVersion = 10.0.40219.1
Project("{FAE04EC0-301F-11D3-BF4B-00C04F79EFBC}") = "Oakmont Industries", "Oakmont Industries\Oakmont Industries.csproj", "{B1E78AFA-44ED-427A-9A5E-07D8F0B7291D}"
EndProject
Global
	GlobalSection(SolutionConfigurationPlatforms) = preSolution
		Debug|Any CPU = Debug|Any CPU
		Release|Any CPU = Release|Any CPU
	EndGlobalSection
	GlobalSection(ProjectConfigurationPlatforms) = postSolution
		{B1E78AFA-44ED-427A-9A5E-07D8F0B7291D}.Debug|Any CPU.ActiveCfg = Debug|Any CPU
		{B1E78AFA-44ED-427A-9A5E-07D8F0B7291D}.Debug|Any CPU.Build.0 = Debug|Any CPU
		{B1E78AFA-44ED-427A-9A5E-07D8F0B7291D}.Release|Any CPU.ActiveCfg = Release|Any CPU
		{B1E78AFA-44ED-427A-9A5E-07D8F0B7291D}.Release|Any CPU.Build.0 = Release|Any CPU
	EndGlobalSection
	GlobalSection(SolutionProperties) = preSolution
		HideSolutionNode = FALSE
	EndGlobalSection
	GlobalSection(ExtensibilityGlobals) = postSolution
		SolutionGuid = {46230BEB-AFFF-48E5-932D-66C3727D912D}
	EndGlobalSection
EndGlobal
